<?xml version="1.0" encoding="utf-8"?>
<Project ToolsVersion="4.0" xmlns="http://schemas.microsoft.com/developer/msbuild/2003">
  <ItemGroup>
    <Filter Include="资源文件">
      <UniqueIdentifier>{67DA6AB6-F800-4c08-8B7A-83BB121AAD01}</UniqueIdentifier>
      <Extensions>rc;ico;cur;bmp;dlg;rc2;rct;bin;rgs;gif;jpg;jpeg;jpe;resx;tiff;tif;png;wav;mfcribbon-ms</Extensions>
    </Filter>
    <Filter Include="include">
      <UniqueIdentifier>{93995380-89BD-4b04-88EB-625FBE52EBFB}</UniqueIdentifier>
      <Extensions>h;hpp;hxx;hm;inl;inc;xsd</Extensions>
    </Filter>
    <Filter Include="source">
      <UniqueIdentifier>{4FC737F1-C7A5-4376-A066-2A32D752A2FF}</UniqueIdentifier>
      <Extensions>cpp;c;cc;cxx;def;odl;idl;hpj;bat;asm;asmx</Extensions>
    </Filter>
    <Filter Include="include\dev">
      <UniqueIdentifier>{378468ae-8993-4f63-8fc5-8251f79c430a}</UniqueIdentifier>
    </Filter>
    <Filter Include="include\conv">
      <UniqueIdentifier>{115f42de-6f25-4894-a3db-c79b4ee03dae}</UniqueIdentifier>
    </Filter>
    <Filter Include="include\fft">
      <UniqueIdentifier>{bd6eef44-d562-4309-bb8d-ee3213d918ac}</UniqueIdentifier>
    </Filter>
    <Filter Include="include\cuda">
      <UniqueIdentifier>{5d05b0cf-9884-48a7-a764-86b709cdbf6c}</UniqueIdentifier>
    </Filter>
    <Filter Include="include\blas">
      <UniqueIdentifier>{bb9e1e29-769b-40d2-b174-bde699db1d1c}</UniqueIdentifier>
    </Filter>
    <Filter Include="source\conv">
      <UniqueIdentifier>{e7579a02-584f-479a-8a8a-b0e44d2b97a6}</UniqueIdentifier>
    </Filter>
    <Filter Include="source\fft">
      <UniqueIdentifier>{06751577-ca8a-4f80-a47c-776f479abaf4}</UniqueIdentifier>
    </Filter>
    <Filter Include="source\blas">
      <UniqueIdentifier>{18919134-a744-48a2-9658-d870696ed45f}</UniqueIdentifier>
    </Filter>
    <Filter Include="source\cuda">
      <UniqueIdentifier>{ac3321b7-a05a-4253-ba26-68c3cd4ac8b9}</UniqueIdentifier>
    </Filter>
    <Filter Include="include\dev\conv">
      <UniqueIdentifier>{3c8e7d9c-202c-4ce3-ab41-54de74c3bee4}</UniqueIdentifier>
    </Filter>
    <Filter Include="include\dev\fftconv">
      <UniqueIdentifier>{07c36400-e4eb-4f8a-b91c-4c94c9150606}</UniqueIdentifier>
    </Filter>
    <Filter Include="include\reduce">
      <UniqueIdentifier>{b2b6c169-6a81-4d60-9ef5-19e76a41172d}</UniqueIdentifier>
    </Filter>
    <Filter Include="source\reduce">
      <UniqueIdentifier>{afbe1fb9-ff4f-4ff1-a6dd-3fb714dfef17}</UniqueIdentifier>
    </Filter>
    <Filter Include="include\bnorm">
      <UniqueIdentifier>{f1c4e395-bc49-42bb-83ab-d01450d4f449}</UniqueIdentifier>
    </Filter>
    <Filter Include="source\bnorm">
      <UniqueIdentifier>{dcaf7a33-61e9-4fe8-82ef-fb75254532cf}</UniqueIdentifier>
    </Filter>
    <Filter Include="include\dev\common">
      <UniqueIdentifier>{f615b6ea-f0e2-415c-9b24-2a7ae5ba17fa}</UniqueIdentifier>
    </Filter>
    <Filter Include="include\dev\blas">
      <UniqueIdentifier>{ea59388a-7a7d-4d59-a9da-36216854ac54}</UniqueIdentifier>
    </Filter>
  </ItemGroup>
  <ItemGroup>
    <ClInclude Include="..\include\conv\conv.h">
      <Filter>include\conv</Filter>
    </ClInclude>
    <ClInclude Include="..\include\conv\fftconv.h">
      <Filter>include\conv</Filter>
    </ClInclude>
    <ClInclude Include="..\include\fft\fft.h">
      <Filter>include\fft</Filter>
    </ClInclude>
    <ClInclude Include="..\include\fft\fft_rf.h">
      <Filter>include\fft</Filter>
    </ClInclude>
    <ClInclude Include="..\include\cuda\cuda_ctx.h">
      <Filter>include\cuda</Filter>
    </ClInclude>
    <ClInclude Include="..\include\cuda\cuda_kernel.h">
      <Filter>include\cuda</Filter>
    </ClInclude>
    <ClInclude Include="..\include\cuda\cuda_platform.h">
      <Filter>include\cuda</Filter>
    </ClInclude>
    <ClInclude Include="..\include\blas\cgemm.h">
      <Filter>include\blas</Filter>
    </ClInclude>
    <ClInclude Include="..\include\blas\gemm.h">
      <Filter>include\blas</Filter>
    </ClInclude>
    <ClInclude Include="..\include\deepcore.h">
      <Filter>include</Filter>
    </ClInclude>
    <ClInclude Include="..\include\idc_argmask.h">
      <Filter>include</Filter>
    </ClInclude>
    <ClInclude Include="..\include\idc_bitop.h">
      <Filter>include</Filter>
    </ClInclude>
    <ClInclude Include="..\include\idc_half.h">
      <Filter>include</Filter>
    </ClInclude>
    <ClInclude Include="..\include\idc_macro.h">
      <Filter>include</Filter>
    </ClInclude>
    <ClInclude Include="..\include\idc_status.h">
      <Filter>include</Filter>
    </ClInclude>
    <ClInclude Include="..\include\idc_tensor_shape.h">
      <Filter>include</Filter>
    </ClInclude>
    <ClInclude Include="..\include\dev\conv\kbin_sm50.h">
      <Filter>include\dev\conv</Filter>
    </ClInclude>
    <ClInclude Include="..\include\dev\conv\kbin_sm52.h">
      <Filter>include\dev\conv</Filter>
    </ClInclude>
    <ClInclude Include="..\include\dev\conv\kbin_sm60.h">
      <Filter>include\dev\conv</Filter>
    </ClInclude>
    <ClInclude Include="..\include\dev\conv\kbin_sm61.h">
      <Filter>include\dev\conv</Filter>
    </ClInclude>
    <ClInclude Include="..\include\dev\fftconv\kbin_sm50.h">
      <Filter>include\dev\fftconv</Filter>
    </ClInclude>
    <ClInclude Include="..\include\dev\fftconv\kbin_sm52.h">
      <Filter>include\dev\fftconv</Filter>
    </ClInclude>
    <ClInclude Include="..\include\dev\fftconv\kbin_sm60.h">
      <Filter>include\dev\fftconv</Filter>
    </ClInclude>
    <ClInclude Include="..\include\dev\fftconv\kbin_sm61.h">
      <Filter>include\dev\fftconv</Filter>
    </ClInclude>
    <ClInclude Include="..\include\reduce\reduce.h">
      <Filter>include\reduce</Filter>
    </ClInclude>
    <ClInclude Include="..\include\idc_string.h">
      <Filter>include</Filter>
    </ClInclude>
    <ClInclude Include="..\include\bnorm\bnorm.h">
      <Filter>include\bnorm</Filter>
    </ClInclude>
    <ClInclude Include="..\include\dev\common\kbin_sm50.h">
      <Filter>include\dev\common</Filter>
    </ClInclude>
    <ClInclude Include="..\include\dev\common\kbin_sm52.h">
      <Filter>include\dev\common</Filter>
    </ClInclude>
    <ClInclude Include="..\include\dev\common\kbin_sm60.h">
      <Filter>include\dev\common</Filter>
    </ClInclude>
    <ClInclude Include="..\include\dev\common\kbin_sm61.h">
      <Filter>include\dev\common</Filter>
    </ClInclude>
    <ClInclude Include="..\include\dev\conv_fp16\kbin_sm50.h">
      <Filter>include\dev\blas</Filter>
    </ClInclude>
    <ClInclude Include="..\include\dev\conv_fp16\kbin_sm52.h">
      <Filter>include\dev\blas</Filter>
    </ClInclude>
    <ClInclude Include="..\include\dev\conv_fp16\kbin_sm60.h">
      <Filter>include\dev\blas</Filter>
    </ClInclude>
    <ClInclude Include="..\include\dev\conv_fp16\kbin_sm61.h">
      <Filter>include\dev\blas</Filter>
    </ClInclude>
  </ItemGroup>
  <ItemGroup>
    <ClCompile Include="..\source\conv\cellconv.c">
      <Filter>source\conv</Filter>
    </ClCompile>
    <ClCompile Include="..\source\conv\conv.c">
      <Filter>source\conv</Filter>
    </ClCompile>
    <ClCompile Include="..\source\conv\fftconv.c">
      <Filter>source\conv</Filter>
    </ClCompile>
    <ClCompile Include="..\source\fft\fft.c">
      <Filter>source\fft</Filter>
    </ClCompile>
    <ClCompile Include="..\source\blas\cgemm.c">
      <Filter>source\blas</Filter>
    </ClCompile>
    <ClCompile Include="..\source\blas\cgemv.c">
      <Filter>source\blas</Filter>
    </ClCompile>
    <ClCompile Include="..\source\blas\flatcgemm.c">
      <Filter>source\blas</Filter>
    </ClCompile>
    <ClCompile Include="..\source\blas\flatcgevv.c">
      <Filter>source\blas</Filter>
    </ClCompile>
    <ClCompile Include="..\source\blas\gemm.c">
      <Filter>source\blas</Filter>
    </ClCompile>
    <ClCompile Include="..\source\cuda\cuda_ctx.c">
      <Filter>source\cuda</Filter>
    </ClCompile>
    <ClCompile Include="..\source\cuda\cuda_platform.c">
      <Filter>source\cuda</Filter>
    </ClCompile>
    <ClCompile Include="..\source\idc_half.c">
      <Filter>source</Filter>
    </ClCompile>
    <ClCompile Include="..\source\reduce\reduce.c">
      <Filter>source\reduce</Filter>
    </ClCompile>
    <ClCompile Include="..\source\deepcore.c">
      <Filter>source</Filter>
    </ClCompile>
    <ClCompile Include="..\source\bnorm\bnorm.c">
      <Filter>source\bnorm</Filter>
    </ClCompile>
  </ItemGroup>
</Project>